
Microsoft Visual Studio Solution File, Format Version 12.00
# Visual Studio Version 17
VisualStudioVersion = 17.14.36401.2
MinimumVisualStudioVersion = 10.0.40219.1
Project("{FAE04EC0-301F-11D3-BF4B-00C04F79EFBC}") = "Trash", "Trash\Trash.csproj", "{71CDEDB5-67EA-4CC7-BCAE-FFE236D8259C}"
EndProject
Project("{2150E333-8FDC-42A3-9474-1A3956D46DE8}") = "Api", "Api", "{02EA681E-C7D8-13C7-8484-4AC65E1B71E8}"
EndProject
Project("{2150E333-8FDC-42A3-9474-1A3956D46DE8}") = "Core", "Core", "{829921D1-4C52-4467-9B9E-7209245DC2B7}"
EndProject
Project("{2150E333-8FDC-42A3-9474-1A3956D46DE8}") = "Infrastructure", "Infrastructure", "{2BB33AC0-CD43-4B70-BA54-08FB817FB9C3}"
EndProject
Project("{2150E333-8FDC-42A3-9474-1A3956D46DE8}") = "Application", "Application", "{5B3C7877-06B6-454A-A1E2-BA7FA34AA2BC}"
EndProject
Project("{FAE04EC0-301F-11D3-BF4B-00C04F79EFBC}") = "Application", "Service\Application.csproj", "{D5214112-570B-494F-998D-707677D25220}"
EndProject
Project("{FAE04EC0-301F-11D3-BF4B-00C04F79EFBC}") = "Core", "Core\Core.csproj", "{E8C9029B-E8C2-4FF2-80EB-FC4EE6664FC5}"
EndProject
Project("{FAE04EC0-301F-11D3-BF4B-00C04F79EFBC}") = "Infrastructure", "Infrastructure\Infrastructure.csproj", "{3FC01025-ECE2-4A83-8048-7219296F9253}"
EndProject
Global
	GlobalSection(SolutionConfigurationPlatforms) = preSolution
		Debug|Any CPU = Debug|Any CPU
		Release|Any CPU = Release|Any CPU
	EndGlobalSection
	GlobalSection(ProjectConfigurationPlatforms) = postSolution
		{71CDEDB5-67EA-4CC7-BCAE-FFE236D8259C}.Debug|Any CPU.ActiveCfg = Debug|Any CPU
		{71CDEDB5-67EA-4CC7-BCAE-FFE236D8259C}.Debug|Any CPU.Build.0 = Debug|Any CPU
		{71CDEDB5-67EA-4CC7-BCAE-FFE236D8259C}.Release|Any CPU.ActiveCfg = Release|Any CPU
		{71CDEDB5-67EA-4CC7-BCAE-FFE236D8259C}.Release|Any CPU.Build.0 = Release|Any CPU
		{D5214112-570B-494F-998D-707677D25220}.Debug|Any CPU.ActiveCfg = Debug|Any CPU
		{D5214112-570B-494F-998D-707677D25220}.Debug|Any CPU.Build.0 = Debug|Any CPU
		{D5214112-570B-494F-998D-707677D25220}.Release|Any CPU.ActiveCfg = Release|Any CPU
		{D5214112-570B-494F-998D-707677D25220}.Release|Any CPU.Build.0 = Release|Any CPU
		{E8C9029B-E8C2-4FF2-80EB-FC4EE6664FC5}.Debug|Any CPU.ActiveCfg = Debug|Any CPU
		{E8C9029B-E8C2-4FF2-80EB-FC4EE6664FC5}.Debug|Any CPU.Build.0 = Debug|Any CPU
		{E8C9029B-E8C2-4FF2-80EB-FC4EE6664FC5}.Release|Any CPU.ActiveCfg = Release|Any CPU
		{E8C9029B-E8C2-4FF2-80EB-FC4EE6664FC5}.Release|Any CPU.Build.0 = Release|Any CPU
		{3FC01025-ECE2-4A83-8048-7219296F9253}.Debug|Any CPU.ActiveCfg = Debug|Any CPU
		{3FC01025-ECE2-4A83-8048-7219296F9253}.Debug|Any CPU.Build.0 = Debug|Any CPU
		{3FC01025-ECE2-4A83-8048-7219296F9253}.Release|Any CPU.ActiveCfg = Release|Any CPU
		{3FC01025-ECE2-4A83-8048-7219296F9253}.Release|Any CPU.Build.0 = Release|Any CPU
	EndGlobalSection
	GlobalSection(SolutionProperties) = preSolution
		HideSolutionNode = FALSE
	EndGlobalSection
	GlobalSection(NestedProjects) = preSolution
		{71CDEDB5-67EA-4CC7-BCAE-FFE236D8259C} = {02EA681E-C7D8-13C7-8484-4AC65E1B71E8}
		{D5214112-570B-494F-998D-707677D25220} = {5B3C7877-06B6-454A-A1E2-BA7FA34AA2BC}
		{E8C9029B-E8C2-4FF2-80EB-FC4EE6664FC5} = {829921D1-4C52-4467-9B9E-7209245DC2B7}
		{3FC01025-ECE2-4A83-8048-7219296F9253} = {2BB33AC0-CD43-4B70-BA54-08FB817FB9C3}
	EndGlobalSection
	GlobalSection(ExtensibilityGlobals) = postSolution
		SolutionGuid = {73B23ABE-42FC-4EE5-99A2-FF81B889C820}
	EndGlobalSection
EndGlobal
