
Microsoft Visual Studio Solution File, Format Version 12.00
# Visual Studio Version 17
VisualStudioVersion = 17.14.36401.2
MinimumVisualStudioVersion = 10.0.40219.1
Project("{FAE04EC0-301F-11D3-BF4B-00C04F79EFBC}") = "Trash", "Trash\Trash.csproj", "{71CDEDB5-67EA-4CC7-BCAE-FFE236D8259C}"
EndProject
Project("{2150E333-8FDC-42A3-9474-1A3956D46DE8}") = "Api", "Api", "{02EA681E-C7D8-13C7-8484-4AC65E1B71E8}"
EndProject
Project("{2150E333-8FDC-42A3-9474-1A3956D46DE8}") = "DAORepo", "DAORepo", "{CB2D1143-6974-4DCB-B4C2-B2C6B3E8C372}"
EndProject
Project("{FAE04EC0-301F-11D3-BF4B-00C04F79EFBC}") = "Repository", "Repository\Repository.csproj", "{A8143C07-73B6-43B0-8B21-946D1E3C7C72}"
EndProject
Global
	GlobalSection(SolutionConfigurationPlatforms) = preSolution
		Debug|Any CPU = Debug|Any CPU
		Release|Any CPU = Release|Any CPU
	EndGlobalSection
	GlobalSection(ProjectConfigurationPlatforms) = postSolution
		{71CDEDB5-67EA-4CC7-BCAE-FFE236D8259C}.Debug|Any CPU.ActiveCfg = Debug|Any CPU
		{71CDEDB5-67EA-4CC7-BCAE-FFE236D8259C}.Debug|Any CPU.Build.0 = Debug|Any CPU
		{71CDEDB5-67EA-4CC7-BCAE-FFE236D8259C}.Release|Any CPU.ActiveCfg = Release|Any CPU
		{71CDEDB5-67EA-4CC7-BCAE-FFE236D8259C}.Release|Any CPU.Build.0 = Release|Any CPU
		{A8143C07-73B6-43B0-8B21-946D1E3C7C72}.Debug|Any CPU.ActiveCfg = Debug|Any CPU
		{A8143C07-73B6-43B0-8B21-946D1E3C7C72}.Debug|Any CPU.Build.0 = Debug|Any CPU
		{A8143C07-73B6-43B0-8B21-946D1E3C7C72}.Release|Any CPU.ActiveCfg = Release|Any CPU
		{A8143C07-73B6-43B0-8B21-946D1E3C7C72}.Release|Any CPU.Build.0 = Release|Any CPU
	EndGlobalSection
	GlobalSection(SolutionProperties) = preSolution
		HideSolutionNode = FALSE
	EndGlobalSection
	GlobalSection(NestedProjects) = preSolution
		{71CDEDB5-67EA-4CC7-BCAE-FFE236D8259C} = {02EA681E-C7D8-13C7-8484-4AC65E1B71E8}
		{A8143C07-73B6-43B0-8B21-946D1E3C7C72} = {CB2D1143-6974-4DCB-B4C2-B2C6B3E8C372}
	EndGlobalSection
	GlobalSection(ExtensibilityGlobals) = postSolution
		SolutionGuid = {73B23ABE-42FC-4EE5-99A2-FF81B889C820}
	EndGlobalSection
EndGlobal
